
Microsoft Visual Studio Solution File, Format Version 12.00
# Visual Studio Version 17
VisualStudioVersion = 17.3.32901.215
MinimumVisualStudioVersion = 10.0.40219.1
Project("{9A19103F-16F7-4668-BE54-9A1E7A4F7556}") = "Day01", "Day01\Day01.csproj", "{2DC244C5-DA80-44DF-81F2-1D0C6764F3E1}"
EndProject
Project("{9A19103F-16F7-4668-BE54-9A1E7A4F7556}") = "Day02", "Day02\Day02.csproj", "{A977DFA2-7479-4318-9983-8E1339F0FE01}"
EndProject
Project("{9A19103F-16F7-4668-BE54-9A1E7A4F7556}") = "Day03", "Day03\Day03.csproj", "{592F80D2-544E-4B9F-B3E0-60492FCA45A7}"
EndProject
Project("{9A19103F-16F7-4668-BE54-9A1E7A4F7556}") = "Day04", "Day04\Day04.csproj", "{7857D635-79FD-4F69-AAFE-F306E55C4110}"
EndProject
Project("{9A19103F-16F7-4668-BE54-9A1E7A4F7556}") = "Day05", "Day05\Day05.csproj", "{2F1216FB-1F97-4D4D-8070-6E2381414489}"
EndProject
Project("{2150E333-8FDC-42A3-9474-1A3956D46DE8}") = "SolutionItems", "SolutionItems", "{B9E8AED0-5CB7-48AF-B28D-AC26B1AFCB6C}"
	ProjectSection(SolutionItems) = preProject
		Template.txt = Template.txt
	EndProjectSection
EndProject
Project("{9A19103F-16F7-4668-BE54-9A1E7A4F7556}") = "Day06", "Day06\Day06.csproj", "{5A8AE93A-CE0C-41EF-ACB3-E75859BF9AE8}"
EndProject
Project("{9A19103F-16F7-4668-BE54-9A1E7A4F7556}") = "Day07", "Day07\Day07.csproj", "{4B72CD12-87B4-4F40-BCAC-344862A4A4C9}"
EndProject
Project("{9A19103F-16F7-4668-BE54-9A1E7A4F7556}") = "Day08", "Day08\Day08.csproj", "{CBB35F75-7AB9-4BFD-9B1B-DAFF117059B3}"
EndProject
Project("{9A19103F-16F7-4668-BE54-9A1E7A4F7556}") = "Day09", "Day09\Day09.csproj", "{E165196D-BBFB-45D4-8778-4C38FD97DF1F}"
EndProject
Project("{9A19103F-16F7-4668-BE54-9A1E7A4F7556}") = "Day10", "Day10\Day10.csproj", "{57EDA191-2966-4613-9459-5AF97ED7D779}"
EndProject
Project("{9A19103F-16F7-4668-BE54-9A1E7A4F7556}") = "Day11", "Day11\Day11.csproj", "{9E38E78F-22AA-4C08-91AE-C1569CB2BA1E}"
EndProject
Project("{9A19103F-16F7-4668-BE54-9A1E7A4F7556}") = "Day12", "Day12\Day12.csproj", "{63D82954-5238-4FBD-863D-8B711E8595BD}"
EndProject
Project("{9A19103F-16F7-4668-BE54-9A1E7A4F7556}") = "Day13", "Day13\Day13.csproj", "{2D199283-A638-4C27-B64C-ED6D856111AF}"
EndProject
Project("{9A19103F-16F7-4668-BE54-9A1E7A4F7556}") = "Day14", "Day14\Day14.csproj", "{E0CCD5D4-85CF-4A09-BED5-33E2773C4416}"
EndProject
Project("{9A19103F-16F7-4668-BE54-9A1E7A4F7556}") = "Day15", "Day15\Day15.csproj", "{3C9D0F25-1629-487C-BA53-FBE84DF30AB0}"
EndProject
Project("{FAE04EC0-301F-11D3-BF4B-00C04F79EFBC}") = "Day16", "Day16\Day16.csproj", "{C216A777-9794-43C6-A09B-A16CBFC52CCE}"
EndProject
Global
	GlobalSection(SolutionConfigurationPlatforms) = preSolution
		Debug|Any CPU = Debug|Any CPU
		Release|Any CPU = Release|Any CPU
	EndGlobalSection
	GlobalSection(ProjectConfigurationPlatforms) = postSolution
		{2DC244C5-DA80-44DF-81F2-1D0C6764F3E1}.Debug|Any CPU.ActiveCfg = Debug|Any CPU
		{2DC244C5-DA80-44DF-81F2-1D0C6764F3E1}.Debug|Any CPU.Build.0 = Debug|Any CPU
		{2DC244C5-DA80-44DF-81F2-1D0C6764F3E1}.Release|Any CPU.ActiveCfg = Release|Any CPU
		{2DC244C5-DA80-44DF-81F2-1D0C6764F3E1}.Release|Any CPU.Build.0 = Release|Any CPU
		{A977DFA2-7479-4318-9983-8E1339F0FE01}.Debug|Any CPU.ActiveCfg = Debug|Any CPU
		{A977DFA2-7479-4318-9983-8E1339F0FE01}.Debug|Any CPU.Build.0 = Debug|Any CPU
		{A977DFA2-7479-4318-9983-8E1339F0FE01}.Release|Any CPU.ActiveCfg = Release|Any CPU
		{A977DFA2-7479-4318-9983-8E1339F0FE01}.Release|Any CPU.Build.0 = Release|Any CPU
		{592F80D2-544E-4B9F-B3E0-60492FCA45A7}.Debug|Any CPU.ActiveCfg = Debug|Any CPU
		{592F80D2-544E-4B9F-B3E0-60492FCA45A7}.Debug|Any CPU.Build.0 = Debug|Any CPU
		{592F80D2-544E-4B9F-B3E0-60492FCA45A7}.Release|Any CPU.ActiveCfg = Release|Any CPU
		{592F80D2-544E-4B9F-B3E0-60492FCA45A7}.Release|Any CPU.Build.0 = Release|Any CPU
		{7857D635-79FD-4F69-AAFE-F306E55C4110}.Debug|Any CPU.ActiveCfg = Debug|Any CPU
		{7857D635-79FD-4F69-AAFE-F306E55C4110}.Debug|Any CPU.Build.0 = Debug|Any CPU
		{7857D635-79FD-4F69-AAFE-F306E55C4110}.Release|Any CPU.ActiveCfg = Release|Any CPU
		{7857D635-79FD-4F69-AAFE-F306E55C4110}.Release|Any CPU.Build.0 = Release|Any CPU
		{2F1216FB-1F97-4D4D-8070-6E2381414489}.Debug|Any CPU.ActiveCfg = Debug|Any CPU
		{2F1216FB-1F97-4D4D-8070-6E2381414489}.Debug|Any CPU.Build.0 = Debug|Any CPU
		{2F1216FB-1F97-4D4D-8070-6E2381414489}.Release|Any CPU.ActiveCfg = Release|Any CPU
		{2F1216FB-1F97-4D4D-8070-6E2381414489}.Release|Any CPU.Build.0 = Release|Any CPU
		{5A8AE93A-CE0C-41EF-ACB3-E75859BF9AE8}.Debug|Any CPU.ActiveCfg = Debug|Any CPU
		{5A8AE93A-CE0C-41EF-ACB3-E75859BF9AE8}.Debug|Any CPU.Build.0 = Debug|Any CPU
		{5A8AE93A-CE0C-41EF-ACB3-E75859BF9AE8}.Release|Any CPU.ActiveCfg = Release|Any CPU
		{5A8AE93A-CE0C-41EF-ACB3-E75859BF9AE8}.Release|Any CPU.Build.0 = Release|Any CPU
		{4B72CD12-87B4-4F40-BCAC-344862A4A4C9}.Debug|Any CPU.ActiveCfg = Debug|Any CPU
		{4B72CD12-87B4-4F40-BCAC-344862A4A4C9}.Debug|Any CPU.Build.0 = Debug|Any CPU
		{4B72CD12-87B4-4F40-BCAC-344862A4A4C9}.Release|Any CPU.ActiveCfg = Release|Any CPU
		{4B72CD12-87B4-4F40-BCAC-344862A4A4C9}.Release|Any CPU.Build.0 = Release|Any CPU
		{CBB35F75-7AB9-4BFD-9B1B-DAFF117059B3}.Debug|Any CPU.ActiveCfg = Debug|Any CPU
		{CBB35F75-7AB9-4BFD-9B1B-DAFF117059B3}.Debug|Any CPU.Build.0 = Debug|Any CPU
		{CBB35F75-7AB9-4BFD-9B1B-DAFF117059B3}.Release|Any CPU.ActiveCfg = Release|Any CPU
		{CBB35F75-7AB9-4BFD-9B1B-DAFF117059B3}.Release|Any CPU.Build.0 = Release|Any CPU
		{E165196D-BBFB-45D4-8778-4C38FD97DF1F}.Debug|Any CPU.ActiveCfg = Debug|Any CPU
		{E165196D-BBFB-45D4-8778-4C38FD97DF1F}.Debug|Any CPU.Build.0 = Debug|Any CPU
		{E165196D-BBFB-45D4-8778-4C38FD97DF1F}.Release|Any CPU.ActiveCfg = Release|Any CPU
		{E165196D-BBFB-45D4-8778-4C38FD97DF1F}.Release|Any CPU.Build.0 = Release|Any CPU
		{57EDA191-2966-4613-9459-5AF97ED7D779}.Debug|Any CPU.ActiveCfg = Debug|Any CPU
		{57EDA191-2966-4613-9459-5AF97ED7D779}.Debug|Any CPU.Build.0 = Debug|Any CPU
		{57EDA191-2966-4613-9459-5AF97ED7D779}.Release|Any CPU.ActiveCfg = Release|Any CPU
		{57EDA191-2966-4613-9459-5AF97ED7D779}.Release|Any CPU.Build.0 = Release|Any CPU
		{9E38E78F-22AA-4C08-91AE-C1569CB2BA1E}.Debug|Any CPU.ActiveCfg = Debug|Any CPU
		{9E38E78F-22AA-4C08-91AE-C1569CB2BA1E}.Debug|Any CPU.Build.0 = Debug|Any CPU
		{9E38E78F-22AA-4C08-91AE-C1569CB2BA1E}.Release|Any CPU.ActiveCfg = Release|Any CPU
		{9E38E78F-22AA-4C08-91AE-C1569CB2BA1E}.Release|Any CPU.Build.0 = Release|Any CPU
		{63D82954-5238-4FBD-863D-8B711E8595BD}.Debug|Any CPU.ActiveCfg = Debug|Any CPU
		{63D82954-5238-4FBD-863D-8B711E8595BD}.Debug|Any CPU.Build.0 = Debug|Any CPU
		{63D82954-5238-4FBD-863D-8B711E8595BD}.Release|Any CPU.ActiveCfg = Release|Any CPU
		{63D82954-5238-4FBD-863D-8B711E8595BD}.Release|Any CPU.Build.0 = Release|Any CPU
		{2D199283-A638-4C27-B64C-ED6D856111AF}.Debug|Any CPU.ActiveCfg = Debug|Any CPU
		{2D199283-A638-4C27-B64C-ED6D856111AF}.Debug|Any CPU.Build.0 = Debug|Any CPU
		{2D199283-A638-4C27-B64C-ED6D856111AF}.Release|Any CPU.ActiveCfg = Release|Any CPU
		{2D199283-A638-4C27-B64C-ED6D856111AF}.Release|Any CPU.Build.0 = Release|Any CPU
		{E0CCD5D4-85CF-4A09-BED5-33E2773C4416}.Debug|Any CPU.ActiveCfg = Debug|Any CPU
		{E0CCD5D4-85CF-4A09-BED5-33E2773C4416}.Debug|Any CPU.Build.0 = Debug|Any CPU
		{E0CCD5D4-85CF-4A09-BED5-33E2773C4416}.Release|Any CPU.ActiveCfg = Release|Any CPU
		{E0CCD5D4-85CF-4A09-BED5-33E2773C4416}.Release|Any CPU.Build.0 = Release|Any CPU
		{3C9D0F25-1629-487C-BA53-FBE84DF30AB0}.Debug|Any CPU.ActiveCfg = Debug|Any CPU
		{3C9D0F25-1629-487C-BA53-FBE84DF30AB0}.Debug|Any CPU.Build.0 = Debug|Any CPU
		{3C9D0F25-1629-487C-BA53-FBE84DF30AB0}.Release|Any CPU.ActiveCfg = Release|Any CPU
		{3C9D0F25-1629-487C-BA53-FBE84DF30AB0}.Release|Any CPU.Build.0 = Release|Any CPU
		{C216A777-9794-43C6-A09B-A16CBFC52CCE}.Debug|Any CPU.ActiveCfg = Debug|Any CPU
		{C216A777-9794-43C6-A09B-A16CBFC52CCE}.Debug|Any CPU.Build.0 = Debug|Any CPU
		{C216A777-9794-43C6-A09B-A16CBFC52CCE}.Release|Any CPU.ActiveCfg = Release|Any CPU
		{C216A777-9794-43C6-A09B-A16CBFC52CCE}.Release|Any CPU.Build.0 = Release|Any CPU
	EndGlobalSection
	GlobalSection(SolutionProperties) = preSolution
		HideSolutionNode = FALSE
	EndGlobalSection
	GlobalSection(ExtensibilityGlobals) = postSolution
		SolutionGuid = {220ABA26-FDDB-41FB-A661-F59EE910AEDC}
	EndGlobalSection
EndGlobal
